
Microsoft Visual Studio Solution File, Format Version 12.00
# Visual Studio Version 17
VisualStudioVersion = 17.12.35527.113 d17.12
MinimumVisualStudioVersion = 10.0.40219.1
Project("{FAE04EC0-301F-11D3-BF4B-00C04F79EFBC}") = "ConsoleApp1", "ConsoleApp1.csproj", "{E5EC0E9A-62D5-4F3C-B2AA-E82599EAAECC}"
EndProject
Global
	GlobalSection(SolutionConfigurationPlatforms) = preSolution
		Debug|Any CPU = Debug|Any CPU
		Release|Any CPU = Release|Any CPU
	EndGlobalSection
	GlobalSection(ProjectConfigurationPlatforms) = postSolution
		{E5EC0E9A-62D5-4F3C-B2AA-E82599EAAECC}.Debug|Any CPU.ActiveCfg = Debug|Any CPU
		{E5EC0E9A-62D5-4F3C-B2AA-E82599EAAECC}.Debug|Any CPU.Build.0 = Debug|Any CPU
		{E5EC0E9A-62D5-4F3C-B2AA-E82599EAAECC}.Release|Any CPU.ActiveCfg = Release|Any CPU
		{E5EC0E9A-62D5-4F3C-B2AA-E82599EAAECC}.Release|Any CPU.Build.0 = Release|Any CPU
	EndGlobalSection
	GlobalSection(SolutionProperties) = preSolution
		HideSolutionNode = FALSE
	EndGlobalSection
EndGlobal
