
Microsoft Visual Studio Solution File, Format Version 12.00
# Visual Studio Version 17
VisualStudioVersion = 17.7.34031.279
MinimumVisualStudioVersion = 10.0.40219.1
Project("{FAE04EC0-301F-11D3-BF4B-00C04F79EFBC}") = "WebApplication1", "WebApplication1.csproj", "{8E7468DF-2422-4C88-A93F-6DD06FF949FE}"
EndProject
Global
	GlobalSection(SolutionConfigurationPlatforms) = preSolution
		Debug|Any CPU = Debug|Any CPU
		Release|Any CPU = Release|Any CPU
	EndGlobalSection
	GlobalSection(ProjectConfigurationPlatforms) = postSolution
		{8E7468DF-2422-4C88-A93F-6DD06FF949FE}.Debug|Any CPU.ActiveCfg = Debug|Any CPU
		{8E7468DF-2422-4C88-A93F-6DD06FF949FE}.Debug|Any CPU.Build.0 = Debug|Any CPU
		{8E7468DF-2422-4C88-A93F-6DD06FF949FE}.Release|Any CPU.ActiveCfg = Release|Any CPU
		{8E7468DF-2422-4C88-A93F-6DD06FF949FE}.Release|Any CPU.Build.0 = Release|Any CPU
	EndGlobalSection
	GlobalSection(SolutionProperties) = preSolution
		HideSolutionNode = FALSE
	EndGlobalSection
	GlobalSection(ExtensibilityGlobals) = postSolution
		SolutionGuid = {171B5820-C340-47A9-86E3-3A626920E2C1}
	EndGlobalSection
EndGlobal
