
Microsoft Visual Studio Solution File, Format Version 12.00
# Visual Studio Version 16
VisualStudioVersion = 16.0.34114.132
MinimumVisualStudioVersion = 10.0.40219.1
Project("{FAE04EC0-301F-11D3-BF4B-00C04F79EFBC}") = "Classes", "Classes.csproj", "{326F9C4A-2A54-4E61-A5A6-0B6C1AA8F78D}"
EndProject
Global
	GlobalSection(SolutionConfigurationPlatforms) = preSolution
		Debug|Any CPU = Debug|Any CPU
		Release|Any CPU = Release|Any CPU
	EndGlobalSection
	GlobalSection(ProjectConfigurationPlatforms) = postSolution
		{326F9C4A-2A54-4E61-A5A6-0B6C1AA8F78D}.Debug|Any CPU.ActiveCfg = Debug|Any CPU
		{326F9C4A-2A54-4E61-A5A6-0B6C1AA8F78D}.Debug|Any CPU.Build.0 = Debug|Any CPU
		{326F9C4A-2A54-4E61-A5A6-0B6C1AA8F78D}.Release|Any CPU.ActiveCfg = Release|Any CPU
		{326F9C4A-2A54-4E61-A5A6-0B6C1AA8F78D}.Release|Any CPU.Build.0 = Release|Any CPU
	EndGlobalSection
	GlobalSection(SolutionProperties) = preSolution
		HideSolutionNode = FALSE
	EndGlobalSection
	GlobalSection(ExtensibilityGlobals) = postSolution
		SolutionGuid = {C6F64D78-8F4C-4B51-A2AA-B8C30088C462}
	EndGlobalSection
EndGlobal
