
Microsoft Visual Studio Solution File, Format Version 12.00
# Visual Studio Version 17
VisualStudioVersion = 17.13.35931.197 d17.13
MinimumVisualStudioVersion = 10.0.40219.1
Project("{FAE04EC0-301F-11D3-BF4B-00C04F79EFBC}") = "LearningCShapr", "LearningCShapr.csproj", "{1B434912-A4F4-42B7-AFB0-1A0E728486B0}"
EndProject
Global
	GlobalSection(SolutionConfigurationPlatforms) = preSolution
		Debug|Any CPU = Debug|Any CPU
		Release|Any CPU = Release|Any CPU
	EndGlobalSection
	GlobalSection(ProjectConfigurationPlatforms) = postSolution
		{1B434912-A4F4-42B7-AFB0-1A0E728486B0}.Debug|Any CPU.ActiveCfg = Debug|Any CPU
		{1B434912-A4F4-42B7-AFB0-1A0E728486B0}.Debug|Any CPU.Build.0 = Debug|Any CPU
		{1B434912-A4F4-42B7-AFB0-1A0E728486B0}.Release|Any CPU.ActiveCfg = Release|Any CPU
		{1B434912-A4F4-42B7-AFB0-1A0E728486B0}.Release|Any CPU.Build.0 = Release|Any CPU
	EndGlobalSection
	GlobalSection(SolutionProperties) = preSolution
		HideSolutionNode = FALSE
	EndGlobalSection
	GlobalSection(ExtensibilityGlobals) = postSolution
		SolutionGuid = {AF0B7536-9343-45CB-92DF-C12800335AF0}
	EndGlobalSection
EndGlobal
