
Microsoft Visual Studio Solution File, Format Version 12.00
# Visual Studio Version 16
VisualStudioVersion = 16.0.34031.81
MinimumVisualStudioVersion = 10.0.40219.1
Project("{FAE04EC0-301F-11D3-BF4B-00C04F79EFBC}") = "JokesAPp", "JokesAPp.csproj", "{2955ED2D-59F3-45F5-A1D8-29135CB958E5}"
EndProject
Global
	GlobalSection(SolutionConfigurationPlatforms) = preSolution
		Debug|Any CPU = Debug|Any CPU
		Release|Any CPU = Release|Any CPU
	EndGlobalSection
	GlobalSection(ProjectConfigurationPlatforms) = postSolution
		{2955ED2D-59F3-45F5-A1D8-29135CB958E5}.Debug|Any CPU.ActiveCfg = Debug|Any CPU
		{2955ED2D-59F3-45F5-A1D8-29135CB958E5}.Debug|Any CPU.Build.0 = Debug|Any CPU
		{2955ED2D-59F3-45F5-A1D8-29135CB958E5}.Release|Any CPU.ActiveCfg = Release|Any CPU
		{2955ED2D-59F3-45F5-A1D8-29135CB958E5}.Release|Any CPU.Build.0 = Release|Any CPU
	EndGlobalSection
	GlobalSection(SolutionProperties) = preSolution
		HideSolutionNode = FALSE
	EndGlobalSection
	GlobalSection(ExtensibilityGlobals) = postSolution
		SolutionGuid = {5F5221EF-AC1C-45A7-89C9-3D5FB7079A97}
	EndGlobalSection
EndGlobal
